
Microsoft Visual Studio Solution File, Format Version 12.00
# Visual Studio Version 17
VisualStudioVersion = 17.4.33213.308
MinimumVisualStudioVersion = 10.0.40219.1
Project("{9A19103F-16F7-4668-BE54-9A1E7A4F7556}") = "MediatorWepApi", "MediatorWepApi\MediatorWepApi.csproj", "{7E639BC8-90FA-4DFC-8B0F-B0113ABCE786}"
EndProject
Global
	GlobalSection(SolutionConfigurationPlatforms) = preSolution
		Debug|Any CPU = Debug|Any CPU
		Release|Any CPU = Release|Any CPU
	EndGlobalSection
	GlobalSection(ProjectConfigurationPlatforms) = postSolution
		{7E639BC8-90FA-4DFC-8B0F-B0113ABCE786}.Debug|Any CPU.ActiveCfg = Debug|Any CPU
		{7E639BC8-90FA-4DFC-8B0F-B0113ABCE786}.Debug|Any CPU.Build.0 = Debug|Any CPU
		{7E639BC8-90FA-4DFC-8B0F-B0113ABCE786}.Release|Any CPU.ActiveCfg = Release|Any CPU
		{7E639BC8-90FA-4DFC-8B0F-B0113ABCE786}.Release|Any CPU.Build.0 = Release|Any CPU
	EndGlobalSection
	GlobalSection(SolutionProperties) = preSolution
		HideSolutionNode = FALSE
	EndGlobalSection
	GlobalSection(ExtensibilityGlobals) = postSolution
		SolutionGuid = {7CC90D9F-ACEF-41D3-9BFC-9282300188CD}
	EndGlobalSection
EndGlobal
